
Microsoft Visual Studio Solution File, Format Version 12.00
# Visual Studio Version 16
VisualStudioVersion = 16.0.31025.194
MinimumVisualStudioVersion = 10.0.40219.1
Project("{FAE04EC0-301F-11D3-BF4B-00C04F79EFBC}") = "ScriptGraphicHelper", "ScriptGraphicHelper\ScriptGraphicHelper.csproj", "{6216FE1D-8A97-459E-9F45-869D65376C21}"
EndProject
Global
	GlobalSection(SolutionConfigurationPlatforms) = preSolution
		Debug|Any CPU = Debug|Any CPU
		Release|Any CPU = Release|Any CPU
	EndGlobalSection
	GlobalSection(ProjectConfigurationPlatforms) = postSolution
		{6216FE1D-8A97-459E-9F45-869D65376C21}.Debug|Any CPU.ActiveCfg = Debug|Any CPU
		{6216FE1D-8A97-459E-9F45-869D65376C21}.Debug|Any CPU.Build.0 = Debug|Any CPU
		{6216FE1D-8A97-459E-9F45-869D65376C21}.Release|Any CPU.ActiveCfg = Release|Any CPU
		{6216FE1D-8A97-459E-9F45-869D65376C21}.Release|Any CPU.Build.0 = Release|Any CPU
	EndGlobalSection
	GlobalSection(SolutionProperties) = preSolution
		HideSolutionNode = FALSE
	EndGlobalSection
	GlobalSection(ExtensibilityGlobals) = postSolution
		SolutionGuid = {881DCCCF-EFF2-4739-A468-DE28FF4D901D}
	EndGlobalSection
EndGlobal
